
Microsoft Visual Studio Solution File, Format Version 12.00
# Visual Studio Version 17
VisualStudioVersion = 17.3.32929.385
MinimumVisualStudioVersion = 10.0.40219.1
Project("{FAE04EC0-301F-11D3-BF4B-00C04F79EFBC}") = "PersonalIncomeTaxCalculator", "PersonalIncomeTaxCalculator\PersonalIncomeTaxCalculator.csproj", "{8133ED6A-1347-4B82-A57D-160D2FAC8AF6}"
EndProject
Project("{FAE04EC0-301F-11D3-BF4B-00C04F79EFBC}") = "PersonalIncomeTaxCalculatorTest", "PersonalIncomeTaxCalculatorTest\PersonalIncomeTaxCalculatorTest.csproj", "{B61FE9AA-BAA4-4769-8AD8-84505C9549E0}"
EndProject
Global
	GlobalSection(SolutionConfigurationPlatforms) = preSolution
		Debug|Any CPU = Debug|Any CPU
		Release|Any CPU = Release|Any CPU
	EndGlobalSection
	GlobalSection(ProjectConfigurationPlatforms) = postSolution
		{8133ED6A-1347-4B82-A57D-160D2FAC8AF6}.Debug|Any CPU.ActiveCfg = Debug|Any CPU
		{8133ED6A-1347-4B82-A57D-160D2FAC8AF6}.Debug|Any CPU.Build.0 = Debug|Any CPU
		{8133ED6A-1347-4B82-A57D-160D2FAC8AF6}.Release|Any CPU.ActiveCfg = Release|Any CPU
		{8133ED6A-1347-4B82-A57D-160D2FAC8AF6}.Release|Any CPU.Build.0 = Release|Any CPU
		{B61FE9AA-BAA4-4769-8AD8-84505C9549E0}.Debug|Any CPU.ActiveCfg = Debug|Any CPU
		{B61FE9AA-BAA4-4769-8AD8-84505C9549E0}.Debug|Any CPU.Build.0 = Debug|Any CPU
		{B61FE9AA-BAA4-4769-8AD8-84505C9549E0}.Release|Any CPU.ActiveCfg = Release|Any CPU
		{B61FE9AA-BAA4-4769-8AD8-84505C9549E0}.Release|Any CPU.Build.0 = Release|Any CPU
	EndGlobalSection
	GlobalSection(SolutionProperties) = preSolution
		HideSolutionNode = FALSE
	EndGlobalSection
	GlobalSection(ExtensibilityGlobals) = postSolution
		SolutionGuid = {D9E103E6-0D0F-4FA9-A445-13EAC036FF7D}
	EndGlobalSection
EndGlobal
